# This file is automatically @generated by Poetry 2.1.4 and should not be changed by hand.

[[package]]
name = "argon2-cffi"
version = "25.1.0"
description = "Argon2 for Python"
optional = false
python-versions = ">=3.8"
groups = ["main"]
files = [
    {file = "argon2_cffi-25.1.0-py3-none-any.whl", hash = "sha256:fdc8b074db390fccb6eb4a3604ae7231f219aa669a2652e0f20e16ba513d5741"},
    {file = "argon2_cffi-25.1.0.tar.gz", hash = "sha256:694ae5cc8a42f4c4e2bf2ca0e64e51e23a040c6a517a85074683d3959e1346c1"},
]

[package.dependencies]
argon2-cffi-bindings = "*"

[[package]]
name = "argon2-cffi-bindings"
version = "25.1.0"
description = "Low-level CFFI bindings for Argon2"
optional = false
python-versions = ">=3.9"
groups = ["main"]
files = [
    {file = "argon2_cffi_bindings-25.1.0-cp314-cp314t-macosx_10_13_universal2.whl", hash = "sha256:3d3f05610594151994ca9ccb3c771115bdb4daef161976a266f0dd8aa9996b8f"},
    {file = "argon2_cffi_bindings-25.1.0-cp314-cp314t-macosx_10_13_x86_64.whl", hash = "sha256:8b8efee945193e667a396cbc7b4fb7d357297d6234d30a489905d96caabde56b"},
    {file = "argon2_cffi_bindings-25.1.0-cp314-cp314t-macosx_11_0_arm64.whl", hash = "sha256:3c6702abc36bf3ccba3f802b799505def420a1b7039862014a65db3205967f5a"},
    {file = "argon2_cffi_bindings-25.1.0-cp314-cp314t-manylinux_2_26_aarch64.manylinux_2_28_aarch64.whl", hash = "sha256:a1c70058c6ab1e352304ac7e3b52554daadacd8d453c1752e547c76e9c99ac44"},
    {file = "argon2_cffi_bindings-25.1.0-cp314-cp314t-manylinux_2_26_x86_64.manylinux_2_28_x86_64.whl", hash = "sha256:e2fd3bfbff3c5d74fef31a722f729bf93500910db650c925c2d6ef879a7e51cb"},
    {file = "argon2_cffi_bindings-25.1.0-cp314-cp314t-musllinux_1_2_aarch64.whl", hash = "sha256:c4f9665de60b1b0e99bcd6be4f17d90339698ce954cfd8d9cf4f91c995165a92"},
    {file = "argon2_cffi_bindings-25.1.0-cp314-cp314t-musllinux_1_2_x86_64.whl", hash = "sha256:ba92837e4a9aa6a508c8d2d7883ed5a8f6c308c89a4790e1e447a220deb79a85"},
    {file = "argon2_cffi_bindings-25.1.0-cp314-cp314t-win32.whl", hash = "sha256:84a461d4d84ae1295871329b346a97f68eade8c53b6ed9a7ca2d7467f3c8ff6f"},
    {file = "argon2_cffi_bindings-25.1.0-cp314-cp314t-win_amd64.whl", hash = "sha256:b55aec3565b65f56455eebc9b9f34130440404f27fe21c3b375bf1ea4d8fbae6"},
    {file = "argon2_cffi_bindings-25.1.0-cp314-cp314t-win_arm64.whl", hash = "sha256:87c33a52407e4c41f3b70a9c2d3f6056d88b10dad7695be708c5021673f55623"},
    {file = "argon2_cffi_bindings-25.1.0-cp39-abi3-macosx_10_9_universal2.whl", hash = "sha256:aecba1723ae35330a008418a91ea6cfcedf6d31e5fbaa056a166462ff066d500"},
    {file = "argon2_cffi_bindings-25.1.0-cp39-abi3-macosx_10_9_x86_64.whl", hash = "sha256:2630b6240b495dfab90aebe159ff784d08ea999aa4b0d17efa734055a07d2f44"},
    {file = "argon2_cffi_bindings-25.1.0-cp39-abi3-macosx_11_0_arm64.whl", hash = "sha256:7aef0c91e2c0fbca6fc68e7555aa60ef7008a739cbe045541e438373bc54d2b0"},
    {file = "argon2_cffi_bindings-25.1.0-cp39-abi3-manylinux_2_26_aarch64.manylinux_2_28_aarch64.whl", hash = "sha256:1e021e87faa76ae0d413b619fe2b65ab9a037f24c60a1e6cc43457ae20de6dc6"},
    {file = "argon2_cffi_bindings-25.1.0-cp39-abi3-manylinux_2_26_x86_64.manylinux_2_28_x86_64.whl", hash = "sha256:d3e924cfc503018a714f94a49a149fdc0b644eaead5d1f089330399134fa028a"},
    {file = "argon2_cffi_bindings-25.1.0-cp39-abi3-musllinux_1_2_aarch64.whl", hash = "sha256:c87b72589133f0346a1cb8d5ecca4b933e3c9b64656c9d175270a000e73b288d"},
    {file = "argon2_cffi_bindings-25.1.0-cp39-abi3-musllinux_1_2_x86_64.whl", hash = "sha256:1db89609c06afa1a214a69a462ea741cf735b29a57530478c06eb81dd403de99"},
    {file = "argon2_cffi_bindings-25.1.0-cp39-abi3-win32.whl", hash = "sha256:473bcb5f82924b1becbb637b63303ec8d10e84c8d241119419897a26116515d2"},
    {file = "argon2_cffi_bindings-25.1.0-cp39-abi3-win_amd64.whl", hash = "sha256:a98cd7d17e9f7ce244c0803cad3c23a7d379c301ba618a5fa76a67d116618b98"},
    {file = "argon2_cffi_bindings-25.1.0-cp39-abi3-win_arm64.whl", hash = "sha256:b0fdbcf513833809c882823f98dc2f931cf659d9a1429616ac3adebb49f5db94"},
    {file = "argon2_cffi_bindings-25.1.0-pp310-pypy310_pp73-macosx_10_15_x86_64.whl", hash = "sha256:6dca33a9859abf613e22733131fc9194091c1fa7cb3e131c143056b4856aa47e"},
    {file = "argon2_cffi_bindings-25.1.0-pp310-pypy310_pp73-macosx_11_0_arm64.whl", hash = "sha256:21378b40e1b8d1655dd5310c84a40fc19a9aa5e6366e835ceb8576bf0fea716d"},
    {file = "argon2_cffi_bindings-25.1.0-pp310-pypy310_pp73-manylinux_2_26_aarch64.manylinux_2_28_aarch64.whl", hash = "sha256:5d588dec224e2a83edbdc785a5e6f3c6cd736f46bfd4b441bbb5aa1f5085e584"},
    {file = "argon2_cffi_bindings-25.1.0-pp310-pypy310_pp73-manylinux_2_26_x86_64.manylinux_2_28_x86_64.whl", hash = "sha256:5acb4e41090d53f17ca1110c3427f0a130f944b896fc8c83973219c97f57b690"},
    {file = "argon2_cffi_bindings-25.1.0-pp310-pypy310_pp73-win_amd64.whl", hash = "sha256:da0c79c23a63723aa5d782250fbf51b768abca630285262fb5144ba5ae01e520"},
    {file = "argon2_cffi_bindings-25.1.0.tar.gz", hash = "sha256:b957f3e6ea4d55d820e40ff76f450952807013d361a65d7f28acc0acbf29229d"},
]

[package.dependencies]
cffi = [
    {version = ">=1.0.1", markers = "python_version < \"3.14\""},
    {version = ">=2.0.0b1", markers = "python_version >= \"3.14\""},
]

[[package]]
name = "certifi"
version = "2025.8.3"
description = "Python package for providing Mozilla's CA Bundle."
optional = false
python-versions = ">=3.7"
groups = ["main"]
files = [
    {file = "certifi-2025.8.3-py3-none-any.whl", hash = "sha256:f6c12493cfb1b06ba2ff328595af9350c65d6644968e5d3a2ffd78699af217a5"},
    {file = "certifi-2025.8.3.tar.gz", hash = "sha256:e564105f78ded564e3ae7c923924435e1daa7463faeab5bb932bc53ffae63407"},
]

[[package]]
name = "cffi"
version = "1.17.1"
description = "Foreign Function Interface for Python calling C code."
optional = false
python-versions = ">=3.8"
groups = ["main"]
markers = "python_version < \"3.14\""
files = [
    {file = "cffi-1.17.1-cp310-cp310-macosx_10_9_x86_64.whl", hash = "sha256:df8b1c11f177bc2313ec4b2d46baec87a5f3e71fc8b45dab2ee7cae86d9aba14"},
    {file = "cffi-1.17.1-cp310-cp310-macosx_11_0_arm64.whl", hash = "sha256:8f2cdc858323644ab277e9bb925ad72ae0e67f69e804f4898c070998d50b1a67"},
    {file = "cffi-1.17.1-cp310-cp310-manylinux_2_12_i686.manylinux2010_i686.manylinux_2_17_i686.manylinux2014_i686.whl", hash = "sha256:edae79245293e15384b51f88b00613ba9f7198016a5948b5dddf4917d4d26382"},
    {file = "cffi-1.17.1-cp310-cp310-manylinux_2_17_aarch64.manylinux2014_aarch64.whl", hash = "sha256:45398b671ac6d70e67da8e4224a065cec6a93541bb7aebe1b198a61b58c7b702"},
    {file = "cffi-1.17.1-cp310-cp310-manylinux_2_17_ppc64le.manylinux2014_ppc64le.whl", hash = "sha256:ad9413ccdeda48c5afdae7e4fa2192157e991ff761e7ab8fdd8926f40b160cc3"},
    {file = "cffi-1.17.1-cp310-cp310-manylinux_2_17_s390x.manylinux2014_s390x.whl", hash = "sha256:5da5719280082ac6bd9aa7becb3938dc9f9cbd57fac7d2871717b1feb0902ab6"},
    {file = "cffi-1.17.1-cp310-cp310-manylinux_2_17_x86_64.manylinux2014_x86_64.whl", hash = "sha256:2bb1a08b8008b281856e5971307cc386a8e9c5b625ac297e853d36da6efe9c17"},
    {file = "cffi-1.17.1-cp310-cp310-musllinux_1_1_aarch64.whl", hash = "sha256:045d61c734659cc045141be4bae381a41d89b741f795af1dd018bfb532fd0df8"},
    {file = "cffi-1.17.1-cp310-cp310-musllinux_1_1_i686.whl", hash = "sha256:6883e737d7d9e4899a8a695e00ec36bd4e5e4f18fabe0aca0efe0a4b44cdb13e"},
    {file = "cffi-1.17.1-cp310-cp310-musllinux_1_1_x86_64.whl", hash = "sha256:6b8b4a92e1c65048ff98cfe1f735ef8f1ceb72e3d5f0c25fdb12087a23da22be"},
    {file = "cffi-1.17.1-cp310-cp310-win32.whl", hash = "sha256:c9c3d058ebabb74db66e431095118094d06abf53284d9c81f27300d0e0d8bc7c"},
    {file = "cffi-1.17.1-cp310-cp310-win_amd64.whl", hash = "sha256:0f048dcf80db46f0098ccac01132761580d28e28bc0f78ae0d58048063317e15"},
    {file = "cffi-1.17.1-cp311-cp311-macosx_10_9_x86_64.whl", hash = "sha256:a45e3c6913c5b87b3ff120dcdc03f6131fa0065027d0ed7ee6190736a74cd401"},
    {file = "cffi-1.17.1-cp311-cp311-macosx_11_0_arm64.whl", hash = "sha256:30c5e0cb5ae493c04c8b42916e52ca38079f1b235c2f8ae5f4527b963c401caf"},
    {file = "cffi-1.17.1-cp311-cp311-manylinux_2_12_i686.manylinux2010_i686.manylinux_2_17_i686.manylinux2014_i686.whl", hash = "sha256:f75c7ab1f9e4aca5414ed4d8e5c0e303a34f4421f8a0d47a4d019ceff0ab6af4"},
    {file = "cffi-1.17.1-cp311-cp311-manylinux_2_17_aarch64.manylinux2014_aarch64.whl", hash = "sha256:a1ed2dd2972641495a3ec98445e09766f077aee98a1c896dcb4ad0d303628e41"},
    {file = "cffi-1.17.1-cp311-cp311-manylinux_2_17_ppc64le.manylinux2014_ppc64le.whl", hash = "sha256:46bf43160c1a35f7ec506d254e5c890f3c03648a4dbac12d624e4490a7046cd1"},
    {file = "cffi-1.17.1-cp311-cp311-manylinux_2_17_s390x.manylinux2014_s390x.whl", hash = "sha256:a24ed04c8ffd54b0729c07cee15a81d964e6fee0e3d4d342a27b020d22959dc6"},
    {file = "cffi-1.17.1-cp311-cp311-manylinux_2_17_x86_64.manylinux2014_x86_64.whl", hash = "sha256:610faea79c43e44c71e1ec53a554553fa22321b65fae24889706c0a84d4ad86d"},
    {file = "cffi-1.17.1-cp311-cp311-musllinux_1_1_aarch64.whl", hash = "sha256:a9b15d491f3ad5d692e11f6b71f7857e7835eb677955c00cc0aefcd0669adaf6"},
    {file = "cffi-1.17.1-cp311-cp311-musllinux_1_1_i686.whl", hash = "sha256:de2ea4b5833625383e464549fec1bc395c1bdeeb5f25c4a3a82b5a8c756ec22f"},
    {file = "cffi-1.17.1-cp311-cp311-musllinux_1_1_x86_64.whl", hash = "sha256:fc48c783f9c87e60831201f2cce7f3b2e4846bf4d8728eabe54d60700b318a0b"},
    {file = "cffi-1.17.1-cp311-cp311-win32.whl", hash = "sha256:85a950a4ac9c359340d5963966e3e0a94a676bd6245a4b55bc43949eee26a655"},
    {file = "cffi-1.17.1-cp311-cp311-win_amd64.whl", hash = "sha256:caaf0640ef5f5517f49bc275eca1406b0ffa6aa184892812030f04c2abf589a0"},
    {file = "cffi-1.17.1-cp312-cp312-macosx_10_9_x86_64.whl", hash = "sha256:805b4371bf7197c329fcb3ead37e710d1bca9da5d583f5073b799d5c5bd1eee4"},
    {file = "cffi-1.17.1-cp312-cp312-macosx_11_0_arm64.whl", hash = "sha256:733e99bc2df47476e3848417c5a4540522f234dfd4ef3ab7fafdf555b082ec0c"},
    {file = "cffi-1.17.1-cp312-cp312-manylinux_2_12_i686.manylinux2010_i686.manylinux_2_17_i686.manylinux2014_i686.whl", hash = "sha256:1257bdabf294dceb59f5e70c64a3e2f462c30c7ad68092d01bbbfb1c16b1ba36"},
    {file = "cffi-1.17.1-cp312-cp312-manylinux_2_17_aarch64.manylinux2014_aarch64.whl", hash = "sha256:da95af8214998d77a98cc14e3a3bd00aa191526343078b530ceb0bd710fb48a5"},
    {file = "cffi-1.17.1-cp312-cp312-manylinux_2_17_ppc64le.manylinux2014_ppc64le.whl", hash = "sha256:d63afe322132c194cf832bfec0dc69a99fb9bb6bbd550f161a49e9e855cc78ff"},
    {file = "cffi-1.17.1-cp312-cp312-manylinux_2_17_s390x.manylinux2014_s390x.whl", hash = "sha256:f79fc4fc25f1c8698ff97788206bb3c2598949bfe0fef03d299eb1b5356ada99"},
    {file = "cffi-1.17.1-cp312-cp312-manylinux_2_17_x86_64.manylinux2014_x86_64.whl", hash = "sha256:b62ce867176a75d03a665bad002af8e6d54644fad99a3c70905c543130e39d93"},
    {file = "cffi-1.17.1-cp312-cp312-musllinux_1_1_aarch64.whl", hash = "sha256:386c8bf53c502fff58903061338ce4f4950cbdcb23e2902d86c0f722b786bbe3"},
    {file = "cffi-1.17.1-cp312-cp312-musllinux_1_1_x86_64.whl", hash = "sha256:4ceb10419a9adf4460ea14cfd6bc43d08701f0835e979bf821052f1805850fe8"},
    {file = "cffi-1.17.1-cp312-cp312-win32.whl", hash = "sha256:a08d7e755f8ed21095a310a693525137cfe756ce62d066e53f502a83dc550f65"},
    {file = "cffi-1.17.1-cp312-cp312-win_amd64.whl", hash = "sha256:51392eae71afec0d0c8fb1a53b204dbb3bcabcb3c9b807eedf3e1e6ccf2de903"},
    {file = "cffi-1.17.1-cp313-cp313-macosx_10_13_x86_64.whl", hash = "sha256:f3a2b4222ce6b60e2e8b337bb9596923045681d71e5a082783484d845390938e"},
    {file = "cffi-1.17.1-cp313-cp313-macosx_11_0_arm64.whl", hash = "sha256:0984a4925a435b1da406122d4d7968dd861c1385afe3b45ba82b750f229811e2"},
    {file = "cffi-1.17.1-cp313-cp313-manylinux_2_12_i686.manylinux2010_i686.manylinux_2_17_i686.manylinux2014_i686.whl", hash = "sha256:d01b12eeeb4427d3110de311e1774046ad344f5b1a7403101878976ecd7a10f3"},
    {file = "cffi-1.17.1-cp313-cp313-manylinux_2_17_aarch64.manylinux2014_aarch64.whl", hash = "sha256:706510fe141c86a69c8ddc029c7910003a17353970cff3b904ff0686a5927683"},
    {file = "cffi-1.17.1-cp313-cp313-manylinux_2_17_ppc64le.manylinux2014_ppc64le.whl", hash = "sha256:de55b766c7aa2e2a3092c51e0483d700341182f08e67c63630d5b6f200bb28e5"},
    {file = "cffi-1.17.1-cp313-cp313-manylinux_2_17_s390x.manylinux2014_s390x.whl", hash = "sha256:c59d6e989d07460165cc5ad3c61f9fd8f1b4796eacbd81cee78957842b834af4"},
    {file = "cffi-1.17.1-cp313-cp313-manylinux_2_17_x86_64.manylinux2014_x86_64.whl", hash = "sha256:dd398dbc6773384a17fe0d3e7eeb8d1a21c2200473ee6806bb5e6a8e62bb73dd"},
    {file = "cffi-1.17.1-cp313-cp313-musllinux_1_1_aarch64.whl", hash = "sha256:3edc8d958eb099c634dace3c7e16560ae474aa3803a5df240542b305d14e14ed"},
    {file = "cffi-1.17.1-cp313-cp313-musllinux_1_1_x86_64.whl", hash = "sha256:72e72408cad3d5419375fc87d289076ee319835bdfa2caad331e377589aebba9"},
    {file = "cffi-1.17.1-cp313-cp313-win32.whl", hash = "sha256:e03eab0a8677fa80d646b5ddece1cbeaf556c313dcfac435ba11f107ba117b5d"},
    {file = "cffi-1.17.1-cp313-cp313-win_amd64.whl", hash = "sha256:f6a16c31041f09ead72d69f583767292f750d24913dadacf5756b966aacb3f1a"},
    {file = "cffi-1.17.1-cp38-cp38-macosx_10_9_x86_64.whl", hash = "sha256:636062ea65bd0195bc012fea9321aca499c0504409f413dc88af450b57ffd03b"},
    {file = "cffi-1.17.1-cp38-cp38-manylinux_2_12_i686.manylinux2010_i686.manylinux_2_17_i686.manylinux2014_i686.whl", hash = "sha256:c7eac2ef9b63c79431bc4b25f1cd649d7f061a28808cbc6c47b534bd789ef964"},
    {file = "cffi-1.17.1-cp38-cp38-manylinux_2_17_aarch64.manylinux2014_aarch64.whl", hash = "sha256:e221cf152cff04059d011ee126477f0d9588303eb57e88923578ace7baad17f9"},
    {file = "cffi-1.17.1-cp38-cp38-manylinux_2_17_ppc64le.manylinux2014_ppc64le.whl", hash = "sha256:31000ec67d4221a71bd3f67df918b1f88f676f1c3b535a7eb473255fdc0b83fc"},
    {file = "cffi-1.17.1-cp38-cp38-manylinux_2_17_s390x.manylinux2014_s390x.whl", hash = "sha256:6f17be4345073b0a7b8ea599688f692ac3ef23ce28e5df79c04de519dbc4912c"},
    {file = "cffi-1.17.1-cp38-cp38-manylinux_2_17_x86_64.manylinux2014_x86_64.whl", hash = "sha256:0e2b1fac190ae3ebfe37b979cc1ce69c81f4e4fe5746bb401dca63a9062cdaf1"},
    {file = "cffi-1.17.1-cp38-cp38-win32.whl", hash = "sha256:7596d6620d3fa590f677e9ee430df2958d2d6d6de2feeae5b20e82c00b76fbf8"},
    {file = "cffi-1.17.1-cp38-cp38-win_amd64.whl", hash = "sha256:78122be759c3f8a014ce010908ae03364d00a1f81ab5c7f4a7a5120607ea56e1"},
    {file = "cffi-1.17.1-cp39-cp39-macosx_10_9_x86_64.whl", hash = "sha256:b2ab587605f4ba0bf81dc0cb08a41bd1c0a5906bd59243d56bad7668a6fc6c16"},
    {file = "cffi-1.17.1-cp39-cp39-macosx_11_0_arm64.whl", hash = "sha256:28b16024becceed8c6dfbc75629e27788d8a3f9030691a1dbf9821a128b22c36"},
    {file = "cffi-1.17.1-cp39-cp39-manylinux_2_12_i686.manylinux2010_i686.manylinux_2_17_i686.manylinux2014_i686.whl", hash = "sha256:1d599671f396c4723d016dbddb72fe8e0397082b0a77a4fab8028923bec050e8"},
    {file = "cffi-1.17.1-cp39-cp39-manylinux_2_17_aarch64.manylinux2014_aarch64.whl", hash = "sha256:ca74b8dbe6e8e8263c0ffd60277de77dcee6c837a3d0881d8c1ead7268c9e576"},
    {file = "cffi-1.17.1-cp39-cp39-manylinux_2_17_ppc64le.manylinux2014_ppc64le.whl", hash = "sha256:f7f5baafcc48261359e14bcd6d9bff6d4b28d9103847c9e136694cb0501aef87"},
    {file = "cffi-1.17.1-cp39-cp39-manylinux_2_17_s390x.manylinux2014_s390x.whl", hash = "sha256:98e3969bcff97cae1b2def8ba499ea3d6f31ddfdb7635374834cf89a1a08ecf0"},
    {file = "cffi-1.17.1-cp39-cp39-manylinux_2_17_x86_64.manylinux2014_x86_64.whl", hash = "sha256:cdf5ce3acdfd1661132f2a9c19cac174758dc2352bfe37d98aa7512c6b7178b3"},
    {file = "cffi-1.17.1-cp39-cp39-musllinux_1_1_aarch64.whl", hash = "sha256:9755e4345d1ec879e3849e62222a18c7174d65a6a92d5b346b1863912168b595"},
    {file = "cffi-1.17.1-cp39-cp39-musllinux_1_1_i686.whl", hash = "sha256:f1e22e8c4419538cb197e4dd60acc919d7696e5ef98ee4da4e01d3f8cfa4cc5a"},
    {file = "cffi-1.17.1-cp39-cp39-musllinux_1_1_x86_64.whl", hash = "sha256:c03e868a0b3bc35839ba98e74211ed2b05d2119be4e8a0f224fba9384f1fe02e"},
    {file = "cffi-1.17.1-cp39-cp39-win32.whl", hash = "sha256:e31ae45bc2e29f6b2abd0de1cc3b9d5205aa847cafaecb8af1476a609a2f6eb7"},
    {file = "cffi-1.17.1-cp39-cp39-win_amd64.whl", hash = "sha256:d016c76bdd850f3c626af19b0542c9677ba156e4ee4fccfdd7848803533ef662"},
    {file = "cffi-1.17.1.tar.gz", hash = "sha256:1c39c6016c32bc48dd54561950ebd6836e1670f2ae46128f67cf49e789c52824"},
]

[package.dependencies]
pycparser = "*"

[[package]]
name = "cffi"
version = "2.0.0b1"
description = "Foreign Function Interface for Python calling C code."
optional = false
python-versions = ">=3.9"
groups = ["main"]
markers = "python_version >= \"3.14\""
files = [
    {file = "cffi-2.0.0b1-cp310-cp310-macosx_10_13_x86_64.whl", hash = "sha256:4b69c24a89c30a7821ecd25bcaff99075d95dd0c85c8845768c340a7736d84cf"},
    {file = "cffi-2.0.0b1-cp310-cp310-macosx_11_0_arm64.whl", hash = "sha256:3ba9946f292f7ae3a6f1cc72af259c477c291eb10ad3ca74180862e39f46a521"},
    {file = "cffi-2.0.0b1-cp310-cp310-manylinux2014_ppc64le.manylinux_2_17_ppc64le.manylinux_2_28_ppc64le.whl", hash = "sha256:1f4ca4ac8b9ee620ff5cb4307fae08691a0911bf0eeb488e8d6cf55bd77dfe43"},
    {file = "cffi-2.0.0b1-cp310-cp310-manylinux2014_s390x.manylinux_2_17_s390x.manylinux_2_28_s390x.whl", hash = "sha256:0eb17b22e313c453c940931f5d063ba9e87e5db12d99473477ab1851e66fedb4"},
    {file = "cffi-2.0.0b1-cp310-cp310-manylinux_2_27_aarch64.manylinux_2_28_aarch64.whl", hash = "sha256:6a1faa47c7fbe0627f6b621dadebed9f532a789a1d3b519731304da1d3ec3d14"},
    {file = "cffi-2.0.0b1-cp310-cp310-manylinux_2_27_i686.manylinux_2_28_i686.whl", hash = "sha256:230a97779cdd6734b6af3bfda4be31406bab58a078f25327b169975be9225a46"},
    {file = "cffi-2.0.0b1-cp310-cp310-manylinux_2_27_x86_64.manylinux_2_28_x86_64.whl", hash = "sha256:c177aa1cdae420519665da22760f4a4a159551733d4686a4467f579bf7b75470"},
    {file = "cffi-2.0.0b1-cp310-cp310-musllinux_1_2_aarch64.whl", hash = "sha256:bdd3ce5e620ff6ee1e89fb7abb620756482fb3e337e5121e441cb0071c11cbd0"},
    {file = "cffi-2.0.0b1-cp310-cp310-musllinux_1_2_i686.whl", hash = "sha256:0dbbe4a9bfcc058fccfee33ea5bebe50440767d219c2efa3a722a90ed59e8cfa"},
    {file = "cffi-2.0.0b1-cp310-cp310-musllinux_1_2_x86_64.whl", hash = "sha256:5f304ce328ecfb7bc36034374c20d0b4ae70423253f8a81c5e0b5efd90e29cd4"},
    {file = "cffi-2.0.0b1-cp310-cp310-win32.whl", hash = "sha256:5acd1da34b96c8881b5df0e3d83cdbecc349b9ad5e9b8c0c589646c241448853"},
    {file = "cffi-2.0.0b1-cp310-cp310-win_amd64.whl", hash = "sha256:ebb116751a49977c0b130493d3af13c567c4613946d293d4f61601237fabcd5f"},
    {file = "cffi-2.0.0b1-cp311-cp311-macosx_10_13_x86_64.whl", hash = "sha256:5f373f9bdc3569acd8aaebb6b521080eeb5a298533a58715537caf74e9e27f6b"},
    {file = "cffi-2.0.0b1-cp311-cp311-macosx_11_0_arm64.whl", hash = "sha256:a898f76bac81f9a371df6c8664228a85cdea6b283a721f2493f0df6f80afd208"},
    {file = "cffi-2.0.0b1-cp311-cp311-manylinux2014_ppc64le.manylinux_2_17_ppc64le.manylinux_2_28_ppc64le.whl", hash = "sha256:314afab228f7b45de7bae55059b4e706296e7d3984d53e643cc0389757216221"},
    {file = "cffi-2.0.0b1-cp311-cp311-manylinux2014_s390x.manylinux_2_17_s390x.manylinux_2_28_s390x.whl", hash = "sha256:6de033c73dc89f80139c5a7d135fbd6c1d7b28ebb0d2df98cd1f4ef76991b15c"},
    {file = "cffi-2.0.0b1-cp311-cp311-manylinux_2_27_aarch64.manylinux_2_28_aarch64.whl", hash = "sha256:ffbbeedd6bac26c0373b71831d3c73181a1c100dc6fc7aadbfcca54cace417db"},
    {file = "cffi-2.0.0b1-cp311-cp311-manylinux_2_27_i686.manylinux_2_28_i686.whl", hash = "sha256:c5713cac21b2351a53958c765d8e9eda45184bb757c3ccab139608e708788796"},
    {file = "cffi-2.0.0b1-cp311-cp311-manylinux_2_27_x86_64.manylinux_2_28_x86_64.whl", hash = "sha256:71ab35c6cc375da1e2c06af65bf0b5049199ad9b264f9ed7c90c0fe9450900e3"},
    {file = "cffi-2.0.0b1-cp311-cp311-musllinux_1_2_aarch64.whl", hash = "sha256:53c780c2ec8ce0e5db9b74e9b0b55ff5d5f70071202740cef073a2771fa1d2ce"},
    {file = "cffi-2.0.0b1-cp311-cp311-musllinux_1_2_i686.whl", hash = "sha256:be957dd266facf8e4925643073159b05021a990b46620b06ca27eaf9d900dbc2"},
    {file = "cffi-2.0.0b1-cp311-cp311-musllinux_1_2_x86_64.whl", hash = "sha256:16dc303af3630f54186b86aadf1121badf3cba6de17dfeacb84c5091e059a690"},
    {file = "cffi-2.0.0b1-cp311-cp311-win32.whl", hash = "sha256:504d264944d0934d7b02164af5c62b175255ef0d39c5142d95968b710c58a8f6"},
    {file = "cffi-2.0.0b1-cp311-cp311-win_amd64.whl", hash = "sha256:e2920fa42cf0616c21ea6d3948ad207cf0e420d2d2ef449d86ccad6ef9c13393"},
    {file = "cffi-2.0.0b1-cp311-cp311-win_arm64.whl", hash = "sha256:142c9c0c75fbc95ce23836e538681bd89e483de37b7cdf251dbdf0975995f8ac"},
    {file = "cffi-2.0.0b1-cp312-cp312-macosx_10_13_x86_64.whl", hash = "sha256:9d04b5fc06ba0ce45d7e51dfd8a14dc20708ef301fcf5a215c507f4e084b00c8"},
    {file = "cffi-2.0.0b1-cp312-cp312-macosx_11_0_arm64.whl", hash = "sha256:7b17e92900eb61bce62ea07ea8dd0dc33aa476ee8f977918050e52f90f5b645c"},
    {file = "cffi-2.0.0b1-cp312-cp312-manylinux2014_ppc64le.manylinux_2_17_ppc64le.manylinux_2_28_ppc64le.whl", hash = "sha256:2155d2a0819c3fdcaa37832fb69e698d455627c23f83bc9c7adbef699fe4be19"},
    {file = "cffi-2.0.0b1-cp312-cp312-manylinux2014_s390x.manylinux_2_17_s390x.manylinux_2_28_s390x.whl", hash = "sha256:4210ddc2b41c20739c64dede1304fb81415220ea671885623063fab44066e376"},
    {file = "cffi-2.0.0b1-cp312-cp312-manylinux_2_27_aarch64.manylinux_2_28_aarch64.whl", hash = "sha256:31b8e3204cdef043e59a296383e6a43461d17c5c3d73fa9cebf4716a561291b0"},
    {file = "cffi-2.0.0b1-cp312-cp312-manylinux_2_27_i686.manylinux_2_28_i686.whl", hash = "sha256:cbde39be02aa7d8fbcd6bf1a9241cb1d84f2e2f0614970c51a707a9a176b85c6"},
    {file = "cffi-2.0.0b1-cp312-cp312-manylinux_2_27_x86_64.manylinux_2_28_x86_64.whl", hash = "sha256:2ea57043b545f346b081877737cb0320960012107d0250fa5183a4306f9365d6"},
    {file = "cffi-2.0.0b1-cp312-cp312-musllinux_1_2_aarch64.whl", hash = "sha256:d31ba9f54739dcf98edb87e4881e326fad79e4866137c24afb0da531c1a965ca"},
    {file = "cffi-2.0.0b1-cp312-cp312-musllinux_1_2_x86_64.whl", hash = "sha256:27309de8cebf48e056550db6607e2fb2c50109b54fc72c02b3b34811233483be"},
    {file = "cffi-2.0.0b1-cp312-cp312-win32.whl", hash = "sha256:f4b5acb4cddcaf0ebb82a226f9fa1d5063505e0c206031ee1f4d173750b592fd"},
    {file = "cffi-2.0.0b1-cp312-cp312-win_amd64.whl", hash = "sha256:cf1b2510f1a91c4d7e8f83df6a13404332421e6e4a067059174d455653ae5314"},
    {file = "cffi-2.0.0b1-cp312-cp312-win_arm64.whl", hash = "sha256:bd7ce5d8224fb5a57bd7f1d9843aa4ecb870ec3f4a2101e1ba8314e91177e184"},
    {file = "cffi-2.0.0b1-cp313-cp313-macosx_10_13_x86_64.whl", hash = "sha256:a160995771c54b12dc5a1ef44d6fd59aeea4909e2d58c10169156e9d9a7e2960"},
    {file = "cffi-2.0.0b1-cp313-cp313-macosx_11_0_arm64.whl", hash = "sha256:9c70c77ec47b96a593477386d7bf23243996c75f1cc7ce383ba35dcedca9bd14"},
    {file = "cffi-2.0.0b1-cp313-cp313-manylinux2014_ppc64le.manylinux_2_17_ppc64le.manylinux_2_28_ppc64le.whl", hash = "sha256:47a91ab8d17ed7caed27e5b2eda3b3478f3d28cecb3939d708545804273e159b"},
    {file = "cffi-2.0.0b1-cp313-cp313-manylinux2014_s390x.manylinux_2_17_s390x.manylinux_2_28_s390x.whl", hash = "sha256:2fd8f55419576289d7cd8c9349ea46a222379936136754ab4c2b041294b0b48d"},
    {file = "cffi-2.0.0b1-cp313-cp313-manylinux_2_27_aarch64.manylinux_2_28_aarch64.whl", hash = "sha256:916141ca9ff05e9f67fe73c39a527d96a7101191673dee9985e71cd164b55915"},
    {file = "cffi-2.0.0b1-cp313-cp313-manylinux_2_27_i686.manylinux_2_28_i686.whl", hash = "sha256:91fc109a1412dd29657f442a61bb571baaa1d074628145008ceb54dc9bb13941"},
    {file = "cffi-2.0.0b1-cp313-cp313-manylinux_2_27_x86_64.manylinux_2_28_x86_64.whl", hash = "sha256:2b08dd1a826b678d39aa78f30edc1b7d9bd1e5b7e5adc2d47e8f56ab25ac7c13"},
    {file = "cffi-2.0.0b1-cp313-cp313-musllinux_1_2_aarch64.whl", hash = "sha256:76a19efb88a495bb7377fc542c7f97c9816dfc1d6bb4ad147acb99599a83e248"},
    {file = "cffi-2.0.0b1-cp313-cp313-musllinux_1_2_x86_64.whl", hash = "sha256:87acb9e2221ed37c385c9cef866377fbaa13180de9ba1cdc4e6dc927b273c87f"},
    {file = "cffi-2.0.0b1-cp313-cp313-win32.whl", hash = "sha256:60c2c1d7adf558b932de9e4633f68e359063d1a748c92a4a3cba832085e9819b"},
    {file = "cffi-2.0.0b1-cp313-cp313-win_amd64.whl", hash = "sha256:6ff1ba153e0740c2ea47d74d015c1a03c3addab1681633be0838103c297b855c"},
    {file = "cffi-2.0.0b1-cp313-cp313-win_arm64.whl", hash = "sha256:adbed7d68bc8837eb2c73e01bc284b5af9898e82b6067a6cbffea4f1820626e4"},
    {file = "cffi-2.0.0b1-cp314-cp314-macosx_10_13_x86_64.whl", hash = "sha256:fe8cb43962af8e43facad740930fadc4cf8cdc1e073f59d0f13714711807979f"},
    {file = "cffi-2.0.0b1-cp314-cp314-macosx_11_0_arm64.whl", hash = "sha256:a812e9ab7a0bfef3e89089c0359e631d8521d5efc8d21c7ede3f1568db689920"},
    {file = "cffi-2.0.0b1-cp314-cp314-manylinux2014_ppc64le.manylinux_2_17_ppc64le.manylinux_2_28_ppc64le.whl", hash = "sha256:bce5ce4790b8347c2d7937312218d0282af344f8a589db163520a02fe8e42281"},
    {file = "cffi-2.0.0b1-cp314-cp314-manylinux2014_s390x.manylinux_2_17_s390x.manylinux_2_28_s390x.whl", hash = "sha256:39eedbed09879f6d1591ad155afcc162aa11ebf3271215339b4aef3df5631573"},
    {file = "cffi-2.0.0b1-cp314-cp314-manylinux_2_27_aarch64.manylinux_2_28_aarch64.whl", hash = "sha256:7dfd6f8f57e812f3175aa0d4d36ed797b6ff35f7cdfefea05417569b543ddc94"},
    {file = "cffi-2.0.0b1-cp314-cp314-manylinux_2_27_x86_64.manylinux_2_28_x86_64.whl", hash = "sha256:782f60714ea2935e5391a0f69ad4705624cdc86243b18dcfafd08565c28e89bd"},
    {file = "cffi-2.0.0b1-cp314-cp314-musllinux_1_2_aarch64.whl", hash = "sha256:f2ebc97ba03b26e9b6b048b6c3981165126905cb20564fbf6584f5e072a1c189"},
    {file = "cffi-2.0.0b1-cp314-cp314-musllinux_1_2_x86_64.whl", hash = "sha256:fba9546b80f3b275f04915ffbca7b75aa22a353c4f6410469fb1d8c340ec1c31"},
    {file = "cffi-2.0.0b1-cp314-cp314-win32.whl", hash = "sha256:339e853c75f69c726b1a85f2217db6880422f915770679c47150eea895e02b46"},
    {file = "cffi-2.0.0b1-cp314-cp314-win_amd64.whl", hash = "sha256:856eb353a42b04d02b0633c71123276710a5390e92a27fbd2446864ca7d27923"},
    {file = "cffi-2.0.0b1-cp314-cp314-win_arm64.whl", hash = "sha256:9e23ac717e8b3767c80198d483c743fe596b055a6e29ef34f9d8cdf61f941f2f"},
    {file = "cffi-2.0.0b1-cp314-cp314t-macosx_10_13_x86_64.whl", hash = "sha256:e227627762046204df31c589d7406540778d05622e395d41fc68b7895d40c174"},
    {file = "cffi-2.0.0b1-cp314-cp314t-macosx_11_0_arm64.whl", hash = "sha256:2355cd38f375906da70a8bad548eb63f65bed43c1044ed075691fa36e8e8315a"},
    {file = "cffi-2.0.0b1-cp314-cp314t-manylinux2014_ppc64le.manylinux_2_17_ppc64le.manylinux_2_28_ppc64le.whl", hash = "sha256:14c0ade7949f088615450abf884064b4ef11e8c9917b99d53f12e06cdfd2cd36"},
    {file = "cffi-2.0.0b1-cp314-cp314t-manylinux2014_s390x.manylinux_2_17_s390x.manylinux_2_28_s390x.whl", hash = "sha256:765c82d4a73ded03bfea961364f4c57dd6cfe7b0d57b7a2d9b95e2e7bd5de6f7"},
    {file = "cffi-2.0.0b1-cp314-cp314t-manylinux_2_27_aarch64.manylinux_2_28_aarch64.whl", hash = "sha256:265666e15da6974e6a74110873321e84c7c2288e379aca44a7df4713325b9be4"},
    {file = "cffi-2.0.0b1-cp314-cp314t-manylinux_2_27_x86_64.manylinux_2_28_x86_64.whl", hash = "sha256:d88f849d03c9aa2d7bbd710a0e20266f92bf524396c7fce881cd5a1971447812"},
    {file = "cffi-2.0.0b1-cp314-cp314t-musllinux_1_2_aarch64.whl", hash = "sha256:853e90e942246f9e098f16baa45896f80675f86ab6447823c4030a67c3cc112d"},
    {file = "cffi-2.0.0b1-cp314-cp314t-musllinux_1_2_x86_64.whl", hash = "sha256:3b8aee0176d80781a21855832c411cfd3126c34966650693ec1245f0b756498b"},
    {file = "cffi-2.0.0b1-cp314-cp314t-win32.whl", hash = "sha256:2da933859e1465a08f36d88e0452194da27b9ff0813e5ba49f02c544682d40e0"},
    {file = "cffi-2.0.0b1-cp314-cp314t-win_amd64.whl", hash = "sha256:53fbcfdb35760bc6fb68096632d29700bcf37fd0d71922dcc577eb6193fc6edc"},
    {file = "cffi-2.0.0b1-cp314-cp314t-win_arm64.whl", hash = "sha256:505bec438236c623d7cfd8cc740598611a1d4883a629a0e33eb9e3c2dcd81b04"},
    {file = "cffi-2.0.0b1-cp39-cp39-macosx_10_13_x86_64.whl", hash = "sha256:d2ede96d5de012d74b174082dec44c58a35b42e0ea9f197063ddb5e504ee0c7e"},
    {file = "cffi-2.0.0b1-cp39-cp39-macosx_11_0_arm64.whl", hash = "sha256:14505e4a82aa84abddab6e493946d3ed6bf6d268b58e4c2f5bcf8ec2dee2ca2d"},
    {file = "cffi-2.0.0b1-cp39-cp39-manylinux2014_ppc64le.manylinux_2_17_ppc64le.manylinux_2_28_ppc64le.whl", hash = "sha256:762dd8db1bd710f7b828b3c6cbb7101b5e190e722eb5633eb79b1a6b751e349a"},
    {file = "cffi-2.0.0b1-cp39-cp39-manylinux2014_s390x.manylinux_2_17_s390x.manylinux_2_28_s390x.whl", hash = "sha256:8af08fd246d2a544c8b68c25c171809d08eed9372f2026ae48dad17d26525578"},
    {file = "cffi-2.0.0b1-cp39-cp39-manylinux_2_27_aarch64.manylinux_2_28_aarch64.whl", hash = "sha256:e342223ada6b1d34f3719d3612991924cb68fa7f8fb2ec22f5bda254882828ab"},
    {file = "cffi-2.0.0b1-cp39-cp39-manylinux_2_27_i686.manylinux_2_28_i686.whl", hash = "sha256:352e1949f7af33c37b060d2c2ea8a8fa1be6695ff94f8d5f7738bacacb9d6de4"},
    {file = "cffi-2.0.0b1-cp39-cp39-manylinux_2_27_x86_64.manylinux_2_28_x86_64.whl", hash = "sha256:3cc3245802b4950bc5459a2ef9a650d948972e44df120ecd2c6201814c8edb54"},
    {file = "cffi-2.0.0b1-cp39-cp39-musllinux_1_2_aarch64.whl", hash = "sha256:ab4aea2f93ab6c408f0c6be8ddebe4d1086b4966148f542fe11cf82ca698dc07"},
    {file = "cffi-2.0.0b1-cp39-cp39-musllinux_1_2_i686.whl", hash = "sha256:ecf72cb96106fbde29682db37569c7cee3ebf29ecf9ead46978679057c6df234"},
    {file = "cffi-2.0.0b1-cp39-cp39-musllinux_1_2_x86_64.whl", hash = "sha256:aaec3f41cd6f0ffda5e23365822710d747b8613d3b8f54e12b5d7dcde688300d"},
    {file = "cffi-2.0.0b1-cp39-cp39-win32.whl", hash = "sha256:601ddbaa51b1bd96a92a6a26e855060390023ab600377280a9bed7703ed2a088"},
    {file = "cffi-2.0.0b1-cp39-cp39-win_amd64.whl", hash = "sha256:cb351fade24f7ba9ca481bee53d4257053b9fa9da55da276fe1187a990a49dde"},
    {file = "cffi-2.0.0b1.tar.gz", hash = "sha256:4440de58d19c0bebe6a2f3b721253d67b27aabb34e00ab35756d8699876191ea"},
]

[package.dependencies]
pycparser = {version = "*", markers = "implementation_name != \"PyPy\""}

[[package]]
name = "config"
version = "0.1.0"
description = ""
optional = false
python-versions = ">=3.11,<4"
groups = ["main"]
files = []
develop = false

[package.dependencies]
dotenv = ">=0.9.9,<0.10.0"

[package.source]
type = "directory"
url = "../config-python"

[[package]]
name = "dotenv"
version = "0.9.9"
description = "Deprecated package"
optional = false
python-versions = "*"
groups = ["main"]
files = [
    {file = "dotenv-0.9.9-py2.py3-none-any.whl", hash = "sha256:29cf74a087b31dafdb5a446b6d7e11cbce8ed2741540e2339c69fbef92c94ce9"},
]

[package.dependencies]
python-dotenv = "*"

[[package]]
name = "minio"
version = "7.2.16"
description = "MinIO Python SDK for Amazon S3 Compatible Cloud Storage"
optional = false
python-versions = ">=3.9"
groups = ["main"]
files = [
    {file = "minio-7.2.16-py3-none-any.whl", hash = "sha256:9288ab988ca57c181eb59a4c96187b293131418e28c164392186c2b89026b223"},
    {file = "minio-7.2.16.tar.gz", hash = "sha256:81e365c8494d591d8204a63ee7596bfdf8a7d06ad1b1507d6b9c1664a95f299a"},
]

[package.dependencies]
argon2-cffi = "*"
certifi = "*"
pycryptodome = "*"
typing-extensions = "*"
urllib3 = "*"

[[package]]
name = "pycparser"
version = "2.22"
description = "C parser in Python"
optional = false
python-versions = ">=3.8"
groups = ["main"]
markers = "implementation_name != \"PyPy\" or python_version < \"3.14\""
files = [
    {file = "pycparser-2.22-py3-none-any.whl", hash = "sha256:c3702b6d3dd8c7abc1afa565d7e63d53a1d0bd86cdc24edd75470f4de499cfcc"},
    {file = "pycparser-2.22.tar.gz", hash = "sha256:491c8be9c040f5390f5bf44a5b07752bd07f56edf992381b05c701439eec10f6"},
]

[[package]]
name = "pycryptodome"
version = "3.23.0"
description = "Cryptographic library for Python"
optional = false
python-versions = "!=3.0.*,!=3.1.*,!=3.2.*,!=3.3.*,!=3.4.*,!=3.5.*,!=3.6.*,>=2.7"
groups = ["main"]
files = [
    {file = "pycryptodome-3.23.0-cp27-cp27m-macosx_10_9_x86_64.whl", hash = "sha256:a176b79c49af27d7f6c12e4b178b0824626f40a7b9fed08f712291b6d54bf566"},
    {file = "pycryptodome-3.23.0-cp27-cp27m-manylinux2010_i686.whl", hash = "sha256:573a0b3017e06f2cffd27d92ef22e46aa3be87a2d317a5abf7cc0e84e321bd75"},
    {file = "pycryptodome-3.23.0-cp27-cp27m-manylinux2010_x86_64.whl", hash = "sha256:63dad881b99ca653302b2c7191998dd677226222a3f2ea79999aa51ce695f720"},
    {file = "pycryptodome-3.23.0-cp27-cp27m-win32.whl", hash = "sha256:b34e8e11d97889df57166eda1e1ddd7676da5fcd4d71a0062a760e75060514b4"},
    {file = "pycryptodome-3.23.0-cp27-cp27mu-manylinux2010_i686.whl", hash = "sha256:7ac1080a8da569bde76c0a104589c4f414b8ba296c0b3738cf39a466a9fb1818"},
    {file = "pycryptodome-3.23.0-cp27-cp27mu-manylinux2010_x86_64.whl", hash = "sha256:6fe8258e2039eceb74dfec66b3672552b6b7d2c235b2dfecc05d16b8921649a8"},
    {file = "pycryptodome-3.23.0-cp313-cp313t-macosx_10_13_universal2.whl", hash = "sha256:0011f7f00cdb74879142011f95133274741778abba114ceca229adbf8e62c3e4"},
    {file = "pycryptodome-3.23.0-cp313-cp313t-macosx_10_13_x86_64.whl", hash = "sha256:90460fc9e088ce095f9ee8356722d4f10f86e5be06e2354230a9880b9c549aae"},
    {file = "pycryptodome-3.23.0-cp313-cp313t-manylinux_2_17_aarch64.manylinux2014_aarch64.whl", hash = "sha256:4764e64b269fc83b00f682c47443c2e6e85b18273712b98aa43bcb77f8570477"},
    {file = "pycryptodome-3.23.0-cp313-cp313t-manylinux_2_17_x86_64.manylinux2014_x86_64.whl", hash = "sha256:eb8f24adb74984aa0e5d07a2368ad95276cf38051fe2dc6605cbcf482e04f2a7"},
    {file = "pycryptodome-3.23.0-cp313-cp313t-manylinux_2_5_i686.manylinux1_i686.manylinux_2_17_i686.manylinux2014_i686.whl", hash = "sha256:d97618c9c6684a97ef7637ba43bdf6663a2e2e77efe0f863cce97a76af396446"},
    {file = "pycryptodome-3.23.0-cp313-cp313t-musllinux_1_2_aarch64.whl", hash = "sha256:9a53a4fe5cb075075d515797d6ce2f56772ea7e6a1e5e4b96cf78a14bac3d265"},
    {file = "pycryptodome-3.23.0-cp313-cp313t-musllinux_1_2_i686.whl", hash = "sha256:763d1d74f56f031788e5d307029caef067febf890cd1f8bf61183ae142f1a77b"},
    {file = "pycryptodome-3.23.0-cp313-cp313t-musllinux_1_2_x86_64.whl", hash = "sha256:954af0e2bd7cea83ce72243b14e4fb518b18f0c1649b576d114973e2073b273d"},
    {file = "pycryptodome-3.23.0-cp313-cp313t-win32.whl", hash = "sha256:257bb3572c63ad8ba40b89f6fc9d63a2a628e9f9708d31ee26560925ebe0210a"},
    {file = "pycryptodome-3.23.0-cp313-cp313t-win_amd64.whl", hash = "sha256:6501790c5b62a29fcb227bd6b62012181d886a767ce9ed03b303d1f22eb5c625"},
    {file = "pycryptodome-3.23.0-cp313-cp313t-win_arm64.whl", hash = "sha256:9a77627a330ab23ca43b48b130e202582e91cc69619947840ea4d2d1be21eb39"},
    {file = "pycryptodome-3.23.0-cp37-abi3-macosx_10_9_universal2.whl", hash = "sha256:187058ab80b3281b1de11c2e6842a357a1f71b42cb1e15bce373f3d238135c27"},
    {file = "pycryptodome-3.23.0-cp37-abi3-macosx_10_9_x86_64.whl", hash = "sha256:cfb5cd445280c5b0a4e6187a7ce8de5a07b5f3f897f235caa11f1f435f182843"},
    {file = "pycryptodome-3.23.0-cp37-abi3-manylinux_2_17_aarch64.manylinux2014_aarch64.whl", hash = "sha256:67bd81fcbe34f43ad9422ee8fd4843c8e7198dd88dd3d40e6de42ee65fbe1490"},
    {file = "pycryptodome-3.23.0-cp37-abi3-manylinux_2_17_x86_64.manylinux2014_x86_64.whl", hash = "sha256:c8987bd3307a39bc03df5c8e0e3d8be0c4c3518b7f044b0f4c15d1aa78f52575"},
    {file = "pycryptodome-3.23.0-cp37-abi3-manylinux_2_5_i686.manylinux1_i686.manylinux_2_17_i686.manylinux2014_i686.whl", hash = "sha256:aa0698f65e5b570426fc31b8162ed4603b0c2841cbb9088e2b01641e3065915b"},
    {file = "pycryptodome-3.23.0-cp37-abi3-musllinux_1_2_aarch64.whl", hash = "sha256:53ecbafc2b55353edcebd64bf5da94a2a2cdf5090a6915bcca6eca6cc452585a"},
    {file = "pycryptodome-3.23.0-cp37-abi3-musllinux_1_2_i686.whl", hash = "sha256:156df9667ad9f2ad26255926524e1c136d6664b741547deb0a86a9acf5ea631f"},
    {file = "pycryptodome-3.23.0-cp37-abi3-musllinux_1_2_x86_64.whl", hash = "sha256:dea827b4d55ee390dc89b2afe5927d4308a8b538ae91d9c6f7a5090f397af1aa"},
    {file = "pycryptodome-3.23.0-cp37-abi3-win32.whl", hash = "sha256:507dbead45474b62b2bbe318eb1c4c8ee641077532067fec9c1aa82c31f84886"},
    {file = "pycryptodome-3.23.0-cp37-abi3-win_amd64.whl", hash = "sha256:c75b52aacc6c0c260f204cbdd834f76edc9fb0d8e0da9fbf8352ef58202564e2"},
    {file = "pycryptodome-3.23.0-cp37-abi3-win_arm64.whl", hash = "sha256:11eeeb6917903876f134b56ba11abe95c0b0fd5e3330def218083c7d98bbcb3c"},
    {file = "pycryptodome-3.23.0-pp27-pypy_73-manylinux2010_x86_64.whl", hash = "sha256:350ebc1eba1da729b35ab7627a833a1a355ee4e852d8ba0447fafe7b14504d56"},
    {file = "pycryptodome-3.23.0-pp27-pypy_73-win32.whl", hash = "sha256:93837e379a3e5fd2bb00302a47aee9fdf7940d83595be3915752c74033d17ca7"},
    {file = "pycryptodome-3.23.0-pp310-pypy310_pp73-macosx_10_15_x86_64.whl", hash = "sha256:ddb95b49df036ddd264a0ad246d1be5b672000f12d6961ea2c267083a5e19379"},
    {file = "pycryptodome-3.23.0-pp310-pypy310_pp73-manylinux_2_17_aarch64.manylinux2014_aarch64.whl", hash = "sha256:d8e95564beb8782abfd9e431c974e14563a794a4944c29d6d3b7b5ea042110b4"},
    {file = "pycryptodome-3.23.0-pp310-pypy310_pp73-manylinux_2_17_x86_64.manylinux2014_x86_64.whl", hash = "sha256:14e15c081e912c4b0d75632acd8382dfce45b258667aa3c67caf7a4d4c13f630"},
    {file = "pycryptodome-3.23.0-pp310-pypy310_pp73-manylinux_2_5_i686.manylinux1_i686.manylinux_2_17_i686.manylinux2014_i686.whl", hash = "sha256:a7fc76bf273353dc7e5207d172b83f569540fc9a28d63171061c42e361d22353"},
    {file = "pycryptodome-3.23.0-pp310-pypy310_pp73-win_amd64.whl", hash = "sha256:45c69ad715ca1a94f778215a11e66b7ff989d792a4d63b68dc586a1da1392ff5"},
    {file = "pycryptodome-3.23.0-pp39-pypy39_pp73-macosx_10_15_x86_64.whl", hash = "sha256:865d83c906b0fc6a59b510deceee656b6bc1c4fa0d82176e2b77e97a420a996a"},
    {file = "pycryptodome-3.23.0-pp39-pypy39_pp73-manylinux_2_17_aarch64.manylinux2014_aarch64.whl", hash = "sha256:89d4d56153efc4d81defe8b65fd0821ef8b2d5ddf8ed19df31ba2f00872b8002"},
    {file = "pycryptodome-3.23.0-pp39-pypy39_pp73-manylinux_2_17_x86_64.manylinux2014_x86_64.whl", hash = "sha256:e3f2d0aaf8080bda0587d58fc9fe4766e012441e2eed4269a77de6aea981c8be"},
    {file = "pycryptodome-3.23.0-pp39-pypy39_pp73-manylinux_2_5_i686.manylinux1_i686.manylinux_2_17_i686.manylinux2014_i686.whl", hash = "sha256:64093fc334c1eccfd3933c134c4457c34eaca235eeae49d69449dc4728079339"},
    {file = "pycryptodome-3.23.0-pp39-pypy39_pp73-win_amd64.whl", hash = "sha256:ce64e84a962b63a47a592690bdc16a7eaf709d2c2697ababf24a0def566899a6"},
    {file = "pycryptodome-3.23.0.tar.gz", hash = "sha256:447700a657182d60338bab09fdb27518f8856aecd80ae4c6bdddb67ff5da44ef"},
]

[[package]]
name = "python-dotenv"
version = "1.1.1"
description = "Read key-value pairs from a .env file and set them as environment variables"
optional = false
python-versions = ">=3.9"
groups = ["main"]
files = [
    {file = "python_dotenv-1.1.1-py3-none-any.whl", hash = "sha256:31f23644fe2602f88ff55e1f5c79ba497e01224ee7737937930c448e4d0e24dc"},
    {file = "python_dotenv-1.1.1.tar.gz", hash = "sha256:a8a6399716257f45be6a007360200409fce5cda2661e3dec71d23dc15f6189ab"},
]

[package.extras]
cli = ["click (>=5.0)"]

[[package]]
name = "typing-extensions"
version = "4.15.0"
description = "Backported and Experimental Type Hints for Python 3.9+"
optional = false
python-versions = ">=3.9"
groups = ["main"]
files = [
    {file = "typing_extensions-4.15.0-py3-none-any.whl", hash = "sha256:f0fa19c6845758ab08074a0cfa8b7aecb71c999ca73d62883bc25cc018c4e548"},
    {file = "typing_extensions-4.15.0.tar.gz", hash = "sha256:0cea48d173cc12fa28ecabc3b837ea3cf6f38c6d1136f85cbaaf598984861466"},
]

[[package]]
name = "urllib3"
version = "2.5.0"
description = "HTTP library with thread-safe connection pooling, file post, and more."
optional = false
python-versions = ">=3.9"
groups = ["main"]
files = [
    {file = "urllib3-2.5.0-py3-none-any.whl", hash = "sha256:e6b01673c0fa6a13e374b50871808eb3bf7046c4b125b216f6bf1cc604cff0dc"},
    {file = "urllib3-2.5.0.tar.gz", hash = "sha256:3fc47733c7e419d4bc3f6b3dc2b4f890bb743906a30d56ba4a5bfa4bbff92760"},
]

[package.extras]
brotli = ["brotli (>=1.0.9) ; platform_python_implementation == \"CPython\"", "brotlicffi (>=0.8.0) ; platform_python_implementation != \"CPython\""]
h2 = ["h2 (>=4,<5)"]
socks = ["pysocks (>=1.5.6,!=1.5.7,<2.0)"]
zstd = ["zstandard (>=0.18.0)"]

[metadata]
lock-version = "2.1"
python-versions = ">=3.11,<4"
content-hash = "63fd6fba60dd8603173ab27b6db36fac7d53ff61f7092c4fa39afdb565bd091d"
